// !$*UTF8*$!
{
	archiveVersion = 1;
	classes = {
	};
	objectVersion = 46;
	objects = {

/* Begin PBXBuildFile section */
		A316DE4E1FAB241500772273 /* MBProgressHUD+XMG.m in Sources */ = {isa = PBXBuildFile; fileRef = A316DE4A1FAB241500772273 /* MBProgressHUD+XMG.m */; };
		A316DE4F1FAB241500772273 /* MBProgressHUD.bundle in Resources */ = {isa = PBXBuildFile; fileRef = A316DE4B1FAB241500772273 /* MBProgressHUD.bundle */; };
		A316DE501FAB241500772273 /* MBProgressHUD.m in Sources */ = {isa = PBXBuildFile; fileRef = A316DE4D1FAB241500772273 /* MBProgressHUD.m */; };
		A31EB6A31FA4EBD30024AD0B /* ZYArenaNavViewController.m in Sources */ = {isa = PBXBuildFile; fileRef = A31EB6A21FA4EBD30024AD0B /* ZYArenaNavViewController.m */; };
		A31EB6A61FA4EF420024AD0B /* UIImage+ZYStretchImage.m in Sources */ = {isa = PBXBuildFile; fileRef = A31EB6A51FA4EF420024AD0B /* UIImage+ZYStretchImage.m */; };
		A31EB6A81FA5B0360024AD0B /* ZYDiscoverTableTableViewController.storyboard in Resources */ = {isa = PBXBuildFile; fileRef = A31EB6A71FA5B0360024AD0B /* ZYDiscoverTableTableViewController.storyboard */; };
		A31EB6AB1FA5BE8B0024AD0B /* ZYBuyViewController.m in Sources */ = {isa = PBXBuildFile; fileRef = A31EB6AA1FA5BE8B0024AD0B /* ZYBuyViewController.m */; };
		A31EB6AE1FA5C0390024AD0B /* ZYTitleViewButton.m in Sources */ = {isa = PBXBuildFile; fileRef = A31EB6AD1FA5C0390024AD0B /* ZYTitleViewButton.m */; };
		A34877401FA45C6500EC46F7 /* ZYMyLotteryViewController.xib in Resources */ = {isa = PBXBuildFile; fileRef = A348773F1FA45C6500EC46F7 /* ZYMyLotteryViewController.xib */; };
		A34C7B2C1FA70CD200095854 /* ZYGuidePageCollectionViewController.m in Sources */ = {isa = PBXBuildFile; fileRef = A34C7B2B1FA70CD200095854 /* ZYGuidePageCollectionViewController.m */; };
		A34C7B2F1FA71D2D00095854 /* ZYCollectionViewCell.m in Sources */ = {isa = PBXBuildFile; fileRef = A34C7B2E1FA71D2D00095854 /* ZYCollectionViewCell.m */; };
		A378BBC51FA3182000AE7FCD /* ZYPopMenu.m in Sources */ = {isa = PBXBuildFile; fileRef = A378BBC41FA3182000AE7FCD /* ZYPopMenu.m */; };
		A378BBC71FA3182800AE7FCD /* ZYPopMenu.xib in Resources */ = {isa = PBXBuildFile; fileRef = A378BBC61FA3182800AE7FCD /* ZYPopMenu.xib */; };
		A378C4611FA9BB6500C6C106 /* ZYSettingItem.m in Sources */ = {isa = PBXBuildFile; fileRef = A378C4601FA9BB6500C6C106 /* ZYSettingItem.m */; };
		A378C4641FA9C40A00C6C106 /* ZYSettingGroup.m in Sources */ = {isa = PBXBuildFile; fileRef = A378C4631FA9C40A00C6C106 /* ZYSettingGroup.m */; };
		A378C4671FAACF5000C6C106 /* ZYSettingArrowItem.m in Sources */ = {isa = PBXBuildFile; fileRef = A378C4661FAACF5000C6C106 /* ZYSettingArrowItem.m */; };
		A378C46A1FAACF7A00C6C106 /* ZYSettingSwitchItem.m in Sources */ = {isa = PBXBuildFile; fileRef = A378C4691FAACF7A00C6C106 /* ZYSettingSwitchItem.m */; };
		A389295B1FA354BB006C1BF0 /* UIView+ZYFrame.m in Sources */ = {isa = PBXBuildFile; fileRef = A389295A1FA354BB006C1BF0 /* UIView+ZYFrame.m */; };
		A389295F1FA35B27006C1BF0 /* ZYTest.c in Sources */ = {isa = PBXBuildFile; fileRef = A389295D1FA35B27006C1BF0 /* ZYTest.c */; };
		A39D3FF11FA08983003D5BB3 /* ZYLottery.xcdatamodeld in Sources */ = {isa = PBXBuildFile; fileRef = A39D3FEF1FA08983003D5BB3 /* ZYLottery.xcdatamodeld */; };
		A39D3FF31FA08983003D5BB3 /* Assets.xcassets in Resources */ = {isa = PBXBuildFile; fileRef = A39D3FF21FA08983003D5BB3 /* Assets.xcassets */; };
		A39D3FF61FA08983003D5BB3 /* LaunchScreen.storyboard in Resources */ = {isa = PBXBuildFile; fileRef = A39D3FF41FA08983003D5BB3 /* LaunchScreen.storyboard */; };
		A3A061A71FA1DB3700923CB5 /* ZYNavigationViewController.m in Sources */ = {isa = PBXBuildFile; fileRef = A3A061A61FA1DB3700923CB5 /* ZYNavigationViewController.m */; };
		A3A061AA1FA1F86900923CB5 /* UIImage+ZYNotRender.m in Sources */ = {isa = PBXBuildFile; fileRef = A3A061A91FA1F86900923CB5 /* UIImage+ZYNotRender.m */; };
		A3A061AD1FA2021400923CB5 /* ZYCover.m in Sources */ = {isa = PBXBuildFile; fileRef = A3A061AC1FA2021400923CB5 /* ZYCover.m */; };
		A3A8C8C21FA1912A0047C4A2 /* ZYTabBarButton.m in Sources */ = {isa = PBXBuildFile; fileRef = A3A8C8C11FA1912A0047C4A2 /* ZYTabBarButton.m */; };
		A3ACE1951FA0918000D043D0 /* ZYTabBarVC.m in Sources */ = {isa = PBXBuildFile; fileRef = A3ACE1941FA0918000D043D0 /* ZYTabBarVC.m */; };
		A3ACE1981FA094AC00D043D0 /* ZYHallTableViewController.m in Sources */ = {isa = PBXBuildFile; fileRef = A3ACE1971FA094AC00D043D0 /* ZYHallTableViewController.m */; };
		A3ACE19B1FA094DE00D043D0 /* ZYArenaViewController.m in Sources */ = {isa = PBXBuildFile; fileRef = A3ACE19A1FA094DE00D043D0 /* ZYArenaViewController.m */; };
		A3ACE19E1FA0951E00D043D0 /* ZYDiscoverTableTableViewController.m in Sources */ = {isa = PBXBuildFile; fileRef = A3ACE19D1FA0951E00D043D0 /* ZYDiscoverTableTableViewController.m */; };
		A3ACE1A11FA0954D00D043D0 /* ZYHistoryTableViewController.m in Sources */ = {isa = PBXBuildFile; fileRef = A3ACE1A01FA0954D00D043D0 /* ZYHistoryTableViewController.m */; };
		A3ACE1A41FA0956400D043D0 /* ZYMyLotteryViewController.m in Sources */ = {isa = PBXBuildFile; fileRef = A3ACE1A31FA0956400D043D0 /* ZYMyLotteryViewController.m */; };
		A3ACE1A51FA098EB00D043D0 /* AppDelegate.h in Sources */ = {isa = PBXBuildFile; fileRef = A3ACE18B1FA08E2300D043D0 /* AppDelegate.h */; };
		A3ACE1A61FA098EB00D043D0 /* AppDelegate.m in Sources */ = {isa = PBXBuildFile; fileRef = A3ACE18C1FA08E2300D043D0 /* AppDelegate.m */; };
		A3ACE1A71FA098EB00D043D0 /* main.m in Sources */ = {isa = PBXBuildFile; fileRef = A3ACE18F1FA08E2300D043D0 /* main.m */; };
		A3ACE1AA1FA1892E00D043D0 /* ZYTabBar.m in Sources */ = {isa = PBXBuildFile; fileRef = A3ACE1A91FA1892E00D043D0 /* ZYTabBar.m */; };
		A3B71BB01FAB6E1300E4B7AF /* ZYScoreTableViewController.m in Sources */ = {isa = PBXBuildFile; fileRef = A3B71BAF1FAB6E1300E4B7AF /* ZYScoreTableViewController.m */; };
		A3B71BB31FAB6E7800E4B7AF /* ZYBaseTableViewController.m in Sources */ = {isa = PBXBuildFile; fileRef = A3B71BB21FAB6E7800E4B7AF /* ZYBaseTableViewController.m */; };
		A3B71BB61FAB7A9F00E4B7AF /* ZYAwardTableViewController.m in Sources */ = {isa = PBXBuildFile; fileRef = A3B71BB51FAB7A9F00E4B7AF /* ZYAwardTableViewController.m */; };
		A3BEADB01FAC61A900BE7956 /* ZYLuckyViewController.m in Sources */ = {isa = PBXBuildFile; fileRef = A3BEADAF1FAC61A900BE7956 /* ZYLuckyViewController.m */; };
		A3BEADB61FAC676600BE7956 /* ZYLuckyView.m in Sources */ = {isa = PBXBuildFile; fileRef = A3BEADB51FAC676600BE7956 /* ZYLuckyView.m */; };
		A3BEFD3F1FAAECAE00AA5621 /* ZYSettingTableViewCell.m in Sources */ = {isa = PBXBuildFile; fileRef = A3BEFD3E1FAAECAE00AA5621 /* ZYSettingTableViewCell.m */; };
		A3BEFD421FAAFAEA00AA5621 /* ZYPushTableViewController.m in Sources */ = {isa = PBXBuildFile; fileRef = A3BEFD411FAAFAEA00AA5621 /* ZYPushTableViewController.m */; };
		A3E8F3781FA96A0E00C1AC2F /* ZYSaveTool.m in Sources */ = {isa = PBXBuildFile; fileRef = A3E8F3771FA96A0E00C1AC2F /* ZYSaveTool.m */; };
		A3E8F37B1FA96B8700C1AC2F /* ZYRootVC.m in Sources */ = {isa = PBXBuildFile; fileRef = A3E8F37A1FA96B8700C1AC2F /* ZYRootVC.m */; };
		A3E8F3821FA972BF00C1AC2F /* ZYSettingTableViewController.m in Sources */ = {isa = PBXBuildFile; fileRef = A3E8F3811FA972BF00C1AC2F /* ZYSettingTableViewController.m */; };
/* End PBXBuildFile section */

/* Begin PBXFileReference section */
		A316DE491FAB241500772273 /* MBProgressHUD+XMG.h */ = {isa = PBXFileReference; fileEncoding = 4; lastKnownFileType = sourcecode.c.h; path = "MBProgressHUD+XMG.h"; sourceTree = "<group>"; };
		A316DE4A1FAB241500772273 /* MBProgressHUD+XMG.m */ = {isa = PBXFileReference; fileEncoding = 4; lastKnownFileType = sourcecode.c.objc; path = "MBProgressHUD+XMG.m"; sourceTree = "<group>"; };
		A316DE4B1FAB241500772273 /* MBProgressHUD.bundle */ = {isa = PBXFileReference; lastKnownFileType = "wrapper.plug-in"; path = MBProgressHUD.bundle; sourceTree = "<group>"; };
		A316DE4C1FAB241500772273 /* MBProgressHUD.h */ = {isa = PBXFileReference; fileEncoding = 4; lastKnownFileType = sourcecode.c.h; path = MBProgressHUD.h; sourceTree = "<group>"; };
		A316DE4D1FAB241500772273 /* MBProgressHUD.m */ = {isa = PBXFileReference; fileEncoding = 4; lastKnownFileType = sourcecode.c.objc; path = MBProgressHUD.m; sourceTree = "<group>"; };
		A31EB6A11FA4EBD30024AD0B /* ZYArenaNavViewController.h */ = {isa = PBXFileReference; fileEncoding = 4; lastKnownFileType = sourcecode.c.h; path = ZYArenaNavViewController.h; sourceTree = "<group>"; };
		A31EB6A21FA4EBD30024AD0B /* ZYArenaNavViewController.m */ = {isa = PBXFileReference; fileEncoding = 4; lastKnownFileType = sourcecode.c.objc; path = ZYArenaNavViewController.m; sourceTree = "<group>"; };
		A31EB6A41FA4EF420024AD0B /* UIImage+ZYStretchImage.h */ = {isa = PBXFileReference; fileEncoding = 4; lastKnownFileType = sourcecode.c.h; path = "UIImage+ZYStretchImage.h"; sourceTree = "<group>"; };
		A31EB6A51FA4EF420024AD0B /* UIImage+ZYStretchImage.m */ = {isa = PBXFileReference; fileEncoding = 4; lastKnownFileType = sourcecode.c.objc; path = "UIImage+ZYStretchImage.m"; sourceTree = "<group>"; };
		A31EB6A71FA5B0360024AD0B /* ZYDiscoverTableTableViewController.storyboard */ = {isa = PBXFileReference; fileEncoding = 4; lastKnownFileType = file.storyboard; path = ZYDiscoverTableTableViewController.storyboard; sourceTree = "<group>"; };
		A31EB6A91FA5BE8B0024AD0B /* ZYBuyViewController.h */ = {isa = PBXFileReference; fileEncoding = 4; lastKnownFileType = sourcecode.c.h; path = ZYBuyViewController.h; sourceTree = "<group>"; };
		A31EB6AA1FA5BE8B0024AD0B /* ZYBuyViewController.m */ = {isa = PBXFileReference; fileEncoding = 4; lastKnownFileType = sourcecode.c.objc; path = ZYBuyViewController.m; sourceTree = "<group>"; };
		A31EB6AC1FA5C0390024AD0B /* ZYTitleViewButton.h */ = {isa = PBXFileReference; fileEncoding = 4; lastKnownFileType = sourcecode.c.h; path = ZYTitleViewButton.h; sourceTree = "<group>"; };
		A31EB6AD1FA5C0390024AD0B /* ZYTitleViewButton.m */ = {isa = PBXFileReference; fileEncoding = 4; lastKnownFileType = sourcecode.c.objc; path = ZYTitleViewButton.m; sourceTree = "<group>"; };
		A348773F1FA45C6500EC46F7 /* ZYMyLotteryViewController.xib */ = {isa = PBXFileReference; fileEncoding = 4; lastKnownFileType = file.xib; path = ZYMyLotteryViewController.xib; sourceTree = "<group>"; };
		A34C7B2A1FA70CD200095854 /* ZYGuidePageCollectionViewController.h */ = {isa = PBXFileReference; fileEncoding = 4; lastKnownFileType = sourcecode.c.h; path = ZYGuidePageCollectionViewController.h; sourceTree = "<group>"; };
		A34C7B2B1FA70CD200095854 /* ZYGuidePageCollectionViewController.m */ = {isa = PBXFileReference; fileEncoding = 4; lastKnownFileType = sourcecode.c.objc; path = ZYGuidePageCollectionViewController.m; sourceTree = "<group>"; };
		A34C7B2D1FA71D2D00095854 /* ZYCollectionViewCell.h */ = {isa = PBXFileReference; fileEncoding = 4; lastKnownFileType = sourcecode.c.h; path = ZYCollectionViewCell.h; sourceTree = "<group>"; };
		A34C7B2E1FA71D2D00095854 /* ZYCollectionViewCell.m */ = {isa = PBXFileReference; fileEncoding = 4; lastKnownFileType = sourcecode.c.objc; path = ZYCollectionViewCell.m; sourceTree = "<group>"; };
		A378BBC31FA3182000AE7FCD /* ZYPopMenu.h */ = {isa = PBXFileReference; fileEncoding = 4; lastKnownFileType = sourcecode.c.h; path = ZYPopMenu.h; sourceTree = "<group>"; };
		A378BBC41FA3182000AE7FCD /* ZYPopMenu.m */ = {isa = PBXFileReference; fileEncoding = 4; lastKnownFileType = sourcecode.c.objc; path = ZYPopMenu.m; sourceTree = "<group>"; };
		A378BBC61FA3182800AE7FCD /* ZYPopMenu.xib */ = {isa = PBXFileReference; fileEncoding = 4; lastKnownFileType = file.xib; path = ZYPopMenu.xib; sourceTree = "<group>"; };
		A378C45F1FA9BB6500C6C106 /* ZYSettingItem.h */ = {isa = PBXFileReference; fileEncoding = 4; lastKnownFileType = sourcecode.c.h; path = ZYSettingItem.h; sourceTree = "<group>"; };
		A378C4601FA9BB6500C6C106 /* ZYSettingItem.m */ = {isa = PBXFileReference; fileEncoding = 4; lastKnownFileType = sourcecode.c.objc; path = ZYSettingItem.m; sourceTree = "<group>"; };
		A378C4621FA9C40A00C6C106 /* ZYSettingGroup.h */ = {isa = PBXFileReference; fileEncoding = 4; lastKnownFileType = sourcecode.c.h; path = ZYSettingGroup.h; sourceTree = "<group>"; };
		A378C4631FA9C40A00C6C106 /* ZYSettingGroup.m */ = {isa = PBXFileReference; fileEncoding = 4; lastKnownFileType = sourcecode.c.objc; path = ZYSettingGroup.m; sourceTree = "<group>"; };
		A378C4651FAACF5000C6C106 /* ZYSettingArrowItem.h */ = {isa = PBXFileReference; fileEncoding = 4; lastKnownFileType = sourcecode.c.h; path = ZYSettingArrowItem.h; sourceTree = "<group>"; };
		A378C4661FAACF5000C6C106 /* ZYSettingArrowItem.m */ = {isa = PBXFileReference; fileEncoding = 4; lastKnownFileType = sourcecode.c.objc; path = ZYSettingArrowItem.m; sourceTree = "<group>"; };
		A378C4681FAACF7A00C6C106 /* ZYSettingSwitchItem.h */ = {isa = PBXFileReference; fileEncoding = 4; lastKnownFileType = sourcecode.c.h; path = ZYSettingSwitchItem.h; sourceTree = "<group>"; };
		A378C4691FAACF7A00C6C106 /* ZYSettingSwitchItem.m */ = {isa = PBXFileReference; fileEncoding = 4; lastKnownFileType = sourcecode.c.objc; path = ZYSettingSwitchItem.m; sourceTree = "<group>"; };
		A38929591FA354BB006C1BF0 /* UIView+ZYFrame.h */ = {isa = PBXFileReference; fileEncoding = 4; lastKnownFileType = sourcecode.c.h; path = "UIView+ZYFrame.h"; sourceTree = "<group>"; };
		A389295A1FA354BB006C1BF0 /* UIView+ZYFrame.m */ = {isa = PBXFileReference; fileEncoding = 4; lastKnownFileType = sourcecode.c.objc; path = "UIView+ZYFrame.m"; sourceTree = "<group>"; };
		A389295C1FA359BE006C1BF0 /* ZYLottery.pch */ = {isa = PBXFileReference; lastKnownFileType = sourcecode.c.h; name = ZYLottery.pch; path = Lib/ZYLottery.pch; sourceTree = "<group>"; };
		A389295D1FA35B27006C1BF0 /* ZYTest.c */ = {isa = PBXFileReference; fileEncoding = 4; lastKnownFileType = sourcecode.c.c; name = ZYTest.c; path = Lib/ZYTest.c; sourceTree = "<group>"; };
		A389295E1FA35B27006C1BF0 /* ZYTest.h */ = {isa = PBXFileReference; fileEncoding = 4; lastKnownFileType = sourcecode.c.h; name = ZYTest.h; path = Lib/ZYTest.h; sourceTree = "<group>"; };
		A39D3FE01FA08983003D5BB3 /* ZYLottery.app */ = {isa = PBXFileReference; explicitFileType = wrapper.application; includeInIndex = 0; path = ZYLottery.app; sourceTree = BUILT_PRODUCTS_DIR; };
		A39D3FF01FA08983003D5BB3 /* ZYLottery.xcdatamodel */ = {isa = PBXFileReference; lastKnownFileType = wrapper.xcdatamodel; path = ZYLottery.xcdatamodel; sourceTree = "<group>"; };
		A39D3FF21FA08983003D5BB3 /* Assets.xcassets */ = {isa = PBXFileReference; lastKnownFileType = folder.assetcatalog; path = Assets.xcassets; sourceTree = "<group>"; };
		A39D3FF51FA08983003D5BB3 /* Base */ = {isa = PBXFileReference; lastKnownFileType = file.storyboard; name = Base; path = Base.lproj/LaunchScreen.storyboard; sourceTree = "<group>"; };
		A39D3FF71FA08983003D5BB3 /* Info.plist */ = {isa = PBXFileReference; lastKnownFileType = text.plist.xml; path = Info.plist; sourceTree = "<group>"; };
		A3A061A51FA1DB3700923CB5 /* ZYNavigationViewController.h */ = {isa = PBXFileReference; fileEncoding = 4; lastKnownFileType = sourcecode.c.h; path = ZYNavigationViewController.h; sourceTree = "<group>"; };
		A3A061A61FA1DB3700923CB5 /* ZYNavigationViewController.m */ = {isa = PBXFileReference; fileEncoding = 4; lastKnownFileType = sourcecode.c.objc; path = ZYNavigationViewController.m; sourceTree = "<group>"; };
		A3A061A81FA1F86900923CB5 /* UIImage+ZYNotRender.h */ = {isa = PBXFileReference; fileEncoding = 4; lastKnownFileType = sourcecode.c.h; path = "UIImage+ZYNotRender.h"; sourceTree = "<group>"; };
		A3A061A91FA1F86900923CB5 /* UIImage+ZYNotRender.m */ = {isa = PBXFileReference; fileEncoding = 4; lastKnownFileType = sourcecode.c.objc; path = "UIImage+ZYNotRender.m"; sourceTree = "<group>"; };
		A3A061AB1FA2021400923CB5 /* ZYCover.h */ = {isa = PBXFileReference; fileEncoding = 4; lastKnownFileType = sourcecode.c.h; path = ZYCover.h; sourceTree = "<group>"; };
		A3A061AC1FA2021400923CB5 /* ZYCover.m */ = {isa = PBXFileReference; fileEncoding = 4; lastKnownFileType = sourcecode.c.objc; path = ZYCover.m; sourceTree = "<group>"; };
		A3A8C8C01FA1912A0047C4A2 /* ZYTabBarButton.h */ = {isa = PBXFileReference; fileEncoding = 4; lastKnownFileType = sourcecode.c.h; path = ZYTabBarButton.h; sourceTree = "<group>"; };
		A3A8C8C11FA1912A0047C4A2 /* ZYTabBarButton.m */ = {isa = PBXFileReference; fileEncoding = 4; lastKnownFileType = sourcecode.c.objc; path = ZYTabBarButton.m; sourceTree = "<group>"; };
		A3ACE18B1FA08E2300D043D0 /* AppDelegate.h */ = {isa = PBXFileReference; lastKnownFileType = sourcecode.c.h; path = AppDelegate.h; sourceTree = "<group>"; };
		A3ACE18C1FA08E2300D043D0 /* AppDelegate.m */ = {isa = PBXFileReference; lastKnownFileType = sourcecode.c.objc; path = AppDelegate.m; sourceTree = "<group>"; };
		A3ACE18F1FA08E2300D043D0 /* main.m */ = {isa = PBXFileReference; lastKnownFileType = sourcecode.c.objc; path = main.m; sourceTree = "<group>"; };
		A3ACE1931FA0918000D043D0 /* ZYTabBarVC.h */ = {isa = PBXFileReference; lastKnownFileType = sourcecode.c.h; path = ZYTabBarVC.h; sourceTree = "<group>"; };
		A3ACE1941FA0918000D043D0 /* ZYTabBarVC.m */ = {isa = PBXFileReference; lastKnownFileType = sourcecode.c.objc; path = ZYTabBarVC.m; sourceTree = "<group>"; };
		A3ACE1961FA094AC00D043D0 /* ZYHallTableViewController.h */ = {isa = PBXFileReference; lastKnownFileType = sourcecode.c.h; path = ZYHallTableViewController.h; sourceTree = "<group>"; };
		A3ACE1971FA094AC00D043D0 /* ZYHallTableViewController.m */ = {isa = PBXFileReference; lastKnownFileType = sourcecode.c.objc; path = ZYHallTableViewController.m; sourceTree = "<group>"; };
		A3ACE1991FA094DE00D043D0 /* ZYArenaViewController.h */ = {isa = PBXFileReference; lastKnownFileType = sourcecode.c.h; path = ZYArenaViewController.h; sourceTree = "<group>"; };
		A3ACE19A1FA094DE00D043D0 /* ZYArenaViewController.m */ = {isa = PBXFileReference; lastKnownFileType = sourcecode.c.objc; path = ZYArenaViewController.m; sourceTree = "<group>"; };
		A3ACE19C1FA0951E00D043D0 /* ZYDiscoverTableTableViewController.h */ = {isa = PBXFileReference; lastKnownFileType = sourcecode.c.h; path = ZYDiscoverTableTableViewController.h; sourceTree = "<group>"; };
		A3ACE19D1FA0951E00D043D0 /* ZYDiscoverTableTableViewController.m */ = {isa = PBXFileReference; lastKnownFileType = sourcecode.c.objc; path = ZYDiscoverTableTableViewController.m; sourceTree = "<group>"; };
		A3ACE19F1FA0954D00D043D0 /* ZYHistoryTableViewController.h */ = {isa = PBXFileReference; lastKnownFileType = sourcecode.c.h; path = ZYHistoryTableViewController.h; sourceTree = "<group>"; };
		A3ACE1A01FA0954D00D043D0 /* ZYHistoryTableViewController.m */ = {isa = PBXFileReference; lastKnownFileType = sourcecode.c.objc; path = ZYHistoryTableViewController.m; sourceTree = "<group>"; };
		A3ACE1A21FA0956400D043D0 /* ZYMyLotteryViewController.h */ = {isa = PBXFileReference; lastKnownFileType = sourcecode.c.h; path = ZYMyLotteryViewController.h; sourceTree = "<group>"; };
		A3ACE1A31FA0956400D043D0 /* ZYMyLotteryViewController.m */ = {isa = PBXFileReference; lastKnownFileType = sourcecode.c.objc; path = ZYMyLotteryViewController.m; sourceTree = "<group>"; };
		A3ACE1A81FA1892E00D043D0 /* ZYTabBar.h */ = {isa = PBXFileReference; lastKnownFileType = sourcecode.c.h; path = ZYTabBar.h; sourceTree = "<group>"; };
		A3ACE1A91FA1892E00D043D0 /* ZYTabBar.m */ = {isa = PBXFileReference; lastKnownFileType = sourcecode.c.objc; path = ZYTabBar.m; sourceTree = "<group>"; };
		A3B71BAE1FAB6E1300E4B7AF /* ZYScoreTableViewController.h */ = {isa = PBXFileReference; fileEncoding = 4; lastKnownFileType = sourcecode.c.h; path = ZYScoreTableViewController.h; sourceTree = "<group>"; };
		A3B71BAF1FAB6E1300E4B7AF /* ZYScoreTableViewController.m */ = {isa = PBXFileReference; fileEncoding = 4; lastKnownFileType = sourcecode.c.objc; path = ZYScoreTableViewController.m; sourceTree = "<group>"; };
		A3B71BB11FAB6E7800E4B7AF /* ZYBaseTableViewController.h */ = {isa = PBXFileReference; fileEncoding = 4; lastKnownFileType = sourcecode.c.h; path = ZYBaseTableViewController.h; sourceTree = "<group>"; };
		A3B71BB21FAB6E7800E4B7AF /* ZYBaseTableViewController.m */ = {isa = PBXFileReference; fileEncoding = 4; lastKnownFileType = sourcecode.c.objc; path = ZYBaseTableViewController.m; sourceTree = "<group>"; };
		A3B71BB41FAB7A9F00E4B7AF /* ZYAwardTableViewController.h */ = {isa = PBXFileReference; fileEncoding = 4; lastKnownFileType = sourcecode.c.h; path = ZYAwardTableViewController.h; sourceTree = "<group>"; };
		A3B71BB51FAB7A9F00E4B7AF /* ZYAwardTableViewController.m */ = {isa = PBXFileReference; fileEncoding = 4; lastKnownFileType = sourcecode.c.objc; path = ZYAwardTableViewController.m; sourceTree = "<group>"; };
		A3BEADAE1FAC61A900BE7956 /* ZYLuckyViewController.h */ = {isa = PBXFileReference; fileEncoding = 4; lastKnownFileType = sourcecode.c.h; path = ZYLuckyViewController.h; sourceTree = "<group>"; };
		A3BEADAF1FAC61A900BE7956 /* ZYLuckyViewController.m */ = {isa = PBXFileReference; fileEncoding = 4; lastKnownFileType = sourcecode.c.objc; path = ZYLuckyViewController.m; sourceTree = "<group>"; };
		A3BEADB41FAC676600BE7956 /* ZYLuckyView.h */ = {isa = PBXFileReference; fileEncoding = 4; lastKnownFileType = sourcecode.c.h; path = ZYLuckyView.h; sourceTree = "<group>"; };
		A3BEADB51FAC676600BE7956 /* ZYLuckyView.m */ = {isa = PBXFileReference; fileEncoding = 4; lastKnownFileType = sourcecode.c.objc; path = ZYLuckyView.m; sourceTree = "<group>"; };
		A3BEFD3D1FAAECAE00AA5621 /* ZYSettingTableViewCell.h */ = {isa = PBXFileReference; fileEncoding = 4; lastKnownFileType = sourcecode.c.h; path = ZYSettingTableViewCell.h; sourceTree = "<group>"; };
		A3BEFD3E1FAAECAE00AA5621 /* ZYSettingTableViewCell.m */ = {isa = PBXFileReference; fileEncoding = 4; lastKnownFileType = sourcecode.c.objc; path = ZYSettingTableViewCell.m; sourceTree = "<group>"; };
		A3BEFD401FAAFAEA00AA5621 /* ZYPushTableViewController.h */ = {isa = PBXFileReference; fileEncoding = 4; lastKnownFileType = sourcecode.c.h; path = ZYPushTableViewController.h; sourceTree = "<group>"; };
		A3BEFD411FAAFAEA00AA5621 /* ZYPushTableViewController.m */ = {isa = PBXFileReference; fileEncoding = 4; lastKnownFileType = sourcecode.c.objc; path = ZYPushTableViewController.m; sourceTree = "<group>"; };
		A3E8F3761FA96A0E00C1AC2F /* ZYSaveTool.h */ = {isa = PBXFileReference; fileEncoding = 4; lastKnownFileType = sourcecode.c.h; path = ZYSaveTool.h; sourceTree = "<group>"; };
		A3E8F3771FA96A0E00C1AC2F /* ZYSaveTool.m */ = {isa = PBXFileReference; fileEncoding = 4; lastKnownFileType = sourcecode.c.objc; path = ZYSaveTool.m; sourceTree = "<group>"; };
		A3E8F3791FA96B8700C1AC2F /* ZYRootVC.h */ = {isa = PBXFileReference; fileEncoding = 4; lastKnownFileType = sourcecode.c.h; path = ZYRootVC.h; sourceTree = "<group>"; };
		A3E8F37A1FA96B8700C1AC2F /* ZYRootVC.m */ = {isa = PBXFileReference; fileEncoding = 4; lastKnownFileType = sourcecode.c.objc; path = ZYRootVC.m; sourceTree = "<group>"; };
		A3E8F3801FA972BF00C1AC2F /* ZYSettingTableViewController.h */ = {isa = PBXFileReference; fileEncoding = 4; lastKnownFileType = sourcecode.c.h; path = ZYSettingTableViewController.h; sourceTree = "<group>"; };
		A3E8F3811FA972BF00C1AC2F /* ZYSettingTableViewController.m */ = {isa = PBXFileReference; fileEncoding = 4; lastKnownFileType = sourcecode.c.objc; path = ZYSettingTableViewController.m; sourceTree = "<group>"; };
/* End PBXFileReference section */

/* Begin PBXFrameworksBuildPhase section */
		A39D3FDD1FA08982003D5BB3 /* Frameworks */ = {
			isa = PBXFrameworksBuildPhase;
			buildActionMask = 2147483647;
			files = (
			);
			runOnlyForDeploymentPostprocessing = 0;
		};
/* End PBXFrameworksBuildPhase section */

/* Begin PBXGroup section */
		A316DE481FAB241500772273 /* MBProgressHUD */ = {
			isa = PBXGroup;
			children = (
				A316DE491FAB241500772273 /* MBProgressHUD+XMG.h */,
				A316DE4A1FAB241500772273 /* MBProgressHUD+XMG.m */,
				A316DE4B1FAB241500772273 /* MBProgressHUD.bundle */,
				A316DE4C1FAB241500772273 /* MBProgressHUD.h */,
				A316DE4D1FAB241500772273 /* MBProgressHUD.m */,
			);
			path = MBProgressHUD;
			sourceTree = "<group>";
		};
		A34C7B261FA70C7000095854 /* GuidePage(引导页) */ = {
			isa = PBXGroup;
			children = (
				A34C7B271FA70C7000095854 /* Controller */,
				A34C7B281FA70C7000095854 /* Model */,
				A34C7B291FA70C7000095854 /* View */,
			);
			path = "GuidePage(引导页)";
			sourceTree = "<group>";
		};
		A34C7B271FA70C7000095854 /* Controller */ = {
			isa = PBXGroup;
			children = (
				A34C7B2A1FA70CD200095854 /* ZYGuidePageCollectionViewController.h */,
				A34C7B2B1FA70CD200095854 /* ZYGuidePageCollectionViewController.m */,
			);
			path = Controller;
			sourceTree = "<group>";
		};
		A34C7B281FA70C7000095854 /* Model */ = {
			isa = PBXGroup;
			children = (
			);
			path = Model;
			sourceTree = "<group>";
		};
		A34C7B291FA70C7000095854 /* View */ = {
			isa = PBXGroup;
			children = (
				A34C7B2D1FA71D2D00095854 /* ZYCollectionViewCell.h */,
				A34C7B2E1FA71D2D00095854 /* ZYCollectionViewCell.m */,
			);
			path = View;
			sourceTree = "<group>";
		};
		A39D3FD71FA08982003D5BB3 = {
			isa = PBXGroup;
			children = (
				A39D3FE21FA08983003D5BB3 /* ZYLottery */,
				A39D3FE11FA08983003D5BB3 /* Products */,
			);
			sourceTree = "<group>";
		};
		A39D3FE11FA08983003D5BB3 /* Products */ = {
			isa = PBXGroup;
			children = (
				A39D3FE01FA08983003D5BB3 /* ZYLottery.app */,
			);
			name = Products;
			sourceTree = "<group>";
		};
		A39D3FE21FA08983003D5BB3 /* ZYLottery */ = {
			isa = PBXGroup;
			children = (
				A3ACE1711FA08E2300D043D0 /* Classes */,
				A39D3FF21FA08983003D5BB3 /* Assets.xcassets */,
				A39D3FF41FA08983003D5BB3 /* LaunchScreen.storyboard */,
				A39D3FF71FA08983003D5BB3 /* Info.plist */,
				A39D3FEF1FA08983003D5BB3 /* ZYLottery.xcdatamodeld */,
				A39D3FE31FA08983003D5BB3 /* Supporting Files */,
			);
			path = ZYLottery;
			sourceTree = "<group>";
		};
		A39D3FE31FA08983003D5BB3 /* Supporting Files */ = {
			isa = PBXGroup;
			children = (
			);
			name = "Supporting Files";
			sourceTree = "<group>";
		};
		A3ACE1711FA08E2300D043D0 /* Classes */ = {
			isa = PBXGroup;
			children = (
				A3E8F37C1FA9728000C1AC2F /* Setting(设置) */,
				A3E8F3731FA969C100C1AC2F /* Tool(业务逻辑) */,
				A34C7B261FA70C7000095854 /* GuidePage(引导页) */,
				A3ACE1821FA08E2300D043D0 /* Main(主要) */,
				A3ACE17A1FA08E2300D043D0 /* Hall(购彩大厅) */,
				A3ACE1721FA08E2300D043D0 /* Arena(竞技场) */,
				A3ACE1761FA08E2300D043D0 /* Discover(发现) */,
				A3ACE17E1FA08E2300D043D0 /* History(开奖信息) */,
				A3ACE1861FA08E2300D043D0 /* MyLottery(我的彩票) */,
				A3ACE18A1FA08E2300D043D0 /* Other */,
			);
			path = Classes;
			sourceTree = "<group>";
		};
		A3ACE1721FA08E2300D043D0 /* Arena(竞技场) */ = {
			isa = PBXGroup;
			children = (
				A3ACE1731FA08E2300D043D0 /* Controller */,
				A3ACE1741FA08E2300D043D0 /* Model */,
				A3ACE1751FA08E2300D043D0 /* View */,
			);
			path = "Arena(竞技场)";
			sourceTree = "<group>";
		};
		A3ACE1731FA08E2300D043D0 /* Controller */ = {
			isa = PBXGroup;
			children = (
				A3ACE1991FA094DE00D043D0 /* ZYArenaViewController.h */,
				A3ACE19A1FA094DE00D043D0 /* ZYArenaViewController.m */,
				A31EB6A11FA4EBD30024AD0B /* ZYArenaNavViewController.h */,
				A31EB6A21FA4EBD30024AD0B /* ZYArenaNavViewController.m */,
			);
			path = Controller;
			sourceTree = "<group>";
		};
		A3ACE1741FA08E2300D043D0 /* Model */ = {
			isa = PBXGroup;
			children = (
			);
			path = Model;
			sourceTree = "<group>";
		};
		A3ACE1751FA08E2300D043D0 /* View */ = {
			isa = PBXGroup;
			children = (
			);
			path = View;
			sourceTree = "<group>";
		};
		A3ACE1761FA08E2300D043D0 /* Discover(发现) */ = {
			isa = PBXGroup;
			children = (
				A3ACE1771FA08E2300D043D0 /* Controller */,
				A3ACE1781FA08E2300D043D0 /* Model */,
				A3ACE1791FA08E2300D043D0 /* View */,
			);
			path = "Discover(发现)";
			sourceTree = "<group>";
		};
		A3ACE1771FA08E2300D043D0 /* Controller */ = {
			isa = PBXGroup;
			children = (
				A3ACE19C1FA0951E00D043D0 /* ZYDiscoverTableTableViewController.h */,
				A3ACE19D1FA0951E00D043D0 /* ZYDiscoverTableTableViewController.m */,
				A31EB6A71FA5B0360024AD0B /* ZYDiscoverTableTableViewController.storyboard */,
				A31EB6A91FA5BE8B0024AD0B /* ZYBuyViewController.h */,
				A31EB6AA1FA5BE8B0024AD0B /* ZYBuyViewController.m */,
				A3BEADAE1FAC61A900BE7956 /* ZYLuckyViewController.h */,
				A3BEADAF1FAC61A900BE7956 /* ZYLuckyViewController.m */,
			);
			path = Controller;
			sourceTree = "<group>";
		};
		A3ACE1781FA08E2300D043D0 /* Model */ = {
			isa = PBXGroup;
			children = (
			);
			path = Model;
			sourceTree = "<group>";
		};
		A3ACE1791FA08E2300D043D0 /* View */ = {
			isa = PBXGroup;
			children = (
				A31EB6AC1FA5C0390024AD0B /* ZYTitleViewButton.h */,
				A31EB6AD1FA5C0390024AD0B /* ZYTitleViewButton.m */,
				A3BEADB41FAC676600BE7956 /* ZYLuckyView.h */,
				A3BEADB51FAC676600BE7956 /* ZYLuckyView.m */,
			);
			path = View;
			sourceTree = "<group>";
		};
		A3ACE17A1FA08E2300D043D0 /* Hall(购彩大厅) */ = {
			isa = PBXGroup;
			children = (
				A3ACE17B1FA08E2300D043D0 /* Controller */,
				A3ACE17C1FA08E2300D043D0 /* Model */,
				A3ACE17D1FA08E2300D043D0 /* View */,
			);
			path = "Hall(购彩大厅)";
			sourceTree = "<group>";
		};
		A3ACE17B1FA08E2300D043D0 /* Controller */ = {
			isa = PBXGroup;
			children = (
				A3ACE1961FA094AC00D043D0 /* ZYHallTableViewController.h */,
				A3ACE1971FA094AC00D043D0 /* ZYHallTableViewController.m */,
			);
			path = Controller;
			sourceTree = "<group>";
		};
		A3ACE17C1FA08E2300D043D0 /* Model */ = {
			isa = PBXGroup;
			children = (
			);
			path = Model;
			sourceTree = "<group>";
		};
		A3ACE17D1FA08E2300D043D0 /* View */ = {
			isa = PBXGroup;
			children = (
				A3A061AB1FA2021400923CB5 /* ZYCover.h */,
				A3A061AC1FA2021400923CB5 /* ZYCover.m */,
				A378BBC31FA3182000AE7FCD /* ZYPopMenu.h */,
				A378BBC41FA3182000AE7FCD /* ZYPopMenu.m */,
				A378BBC61FA3182800AE7FCD /* ZYPopMenu.xib */,
			);
			path = View;
			sourceTree = "<group>";
		};
		A3ACE17E1FA08E2300D043D0 /* History(开奖信息) */ = {
			isa = PBXGroup;
			children = (
				A3ACE17F1FA08E2300D043D0 /* Controller */,
				A3ACE1801FA08E2300D043D0 /* Model */,
				A3ACE1811FA08E2300D043D0 /* View */,
			);
			path = "History(开奖信息)";
			sourceTree = "<group>";
		};
		A3ACE17F1FA08E2300D043D0 /* Controller */ = {
			isa = PBXGroup;
			children = (
				A3ACE19F1FA0954D00D043D0 /* ZYHistoryTableViewController.h */,
				A3ACE1A01FA0954D00D043D0 /* ZYHistoryTableViewController.m */,
			);
			path = Controller;
			sourceTree = "<group>";
		};
		A3ACE1801FA08E2300D043D0 /* Model */ = {
			isa = PBXGroup;
			children = (
			);
			path = Model;
			sourceTree = "<group>";
		};
		A3ACE1811FA08E2300D043D0 /* View */ = {
			isa = PBXGroup;
			children = (
			);
			path = View;
			sourceTree = "<group>";
		};
		A3ACE1821FA08E2300D043D0 /* Main(主要) */ = {
			isa = PBXGroup;
			children = (
				A3ACE1831FA08E2300D043D0 /* Controller */,
				A3ACE1841FA08E2300D043D0 /* Model */,
				A3ACE1851FA08E2300D043D0 /* View */,
			);
			path = "Main(主要)";
			sourceTree = "<group>";
		};
		A3ACE1831FA08E2300D043D0 /* Controller */ = {
			isa = PBXGroup;
			children = (
				A3ACE1931FA0918000D043D0 /* ZYTabBarVC.h */,
				A3ACE1941FA0918000D043D0 /* ZYTabBarVC.m */,
				A3A061A51FA1DB3700923CB5 /* ZYNavigationViewController.h */,
				A3A061A61FA1DB3700923CB5 /* ZYNavigationViewController.m */,
			);
			path = Controller;
			sourceTree = "<group>";
		};
		A3ACE1841FA08E2300D043D0 /* Model */ = {
			isa = PBXGroup;
			children = (
			);
			path = Model;
			sourceTree = "<group>";
		};
		A3ACE1851FA08E2300D043D0 /* View */ = {
			isa = PBXGroup;
			children = (
				A3ACE1A81FA1892E00D043D0 /* ZYTabBar.h */,
				A3ACE1A91FA1892E00D043D0 /* ZYTabBar.m */,
				A3A8C8C01FA1912A0047C4A2 /* ZYTabBarButton.h */,
				A3A8C8C11FA1912A0047C4A2 /* ZYTabBarButton.m */,
			);
			path = View;
			sourceTree = "<group>";
		};
		A3ACE1861FA08E2300D043D0 /* MyLottery(我的彩票) */ = {
			isa = PBXGroup;
			children = (
				A3ACE1871FA08E2300D043D0 /* Controller */,
				A3ACE1881FA08E2300D043D0 /* Model */,
				A3ACE1891FA08E2300D043D0 /* View */,
			);
			path = "MyLottery(我的彩票)";
			sourceTree = "<group>";
		};
		A3ACE1871FA08E2300D043D0 /* Controller */ = {
			isa = PBXGroup;
			children = (
				A3ACE1A21FA0956400D043D0 /* ZYMyLotteryViewController.h */,
				A3ACE1A31FA0956400D043D0 /* ZYMyLotteryViewController.m */,
				A348773F1FA45C6500EC46F7 /* ZYMyLotteryViewController.xib */,
			);
			path = Controller;
			sourceTree = "<group>";
		};
		A3ACE1881FA08E2300D043D0 /* Model */ = {
			isa = PBXGroup;
			children = (
			);
			path = Model;
			sourceTree = "<group>";
		};
		A3ACE1891FA08E2300D043D0 /* View */ = {
			isa = PBXGroup;
			children = (
			);
			path = View;
			sourceTree = "<group>";
		};
		A3ACE18A1FA08E2300D043D0 /* Other */ = {
			isa = PBXGroup;
			children = (
				A3ACE18B1FA08E2300D043D0 /* AppDelegate.h */,
				A3ACE18C1FA08E2300D043D0 /* AppDelegate.m */,
				A3ACE18D1FA08E2300D043D0 /* Category */,
				A3ACE18E1FA08E2300D043D0 /* Lib */,
				A3ACE18F1FA08E2300D043D0 /* main.m */,
				A389295C1FA359BE006C1BF0 /* ZYLottery.pch */,
				A389295D1FA35B27006C1BF0 /* ZYTest.c */,
				A389295E1FA35B27006C1BF0 /* ZYTest.h */,
			);
			path = Other;
			sourceTree = "<group>";
		};
		A3ACE18D1FA08E2300D043D0 /* Category */ = {
			isa = PBXGroup;
			children = (
				A3A061A81FA1F86900923CB5 /* UIImage+ZYNotRender.h */,
				A3A061A91FA1F86900923CB5 /* UIImage+ZYNotRender.m */,
				A38929591FA354BB006C1BF0 /* UIView+ZYFrame.h */,
				A389295A1FA354BB006C1BF0 /* UIView+ZYFrame.m */,
				A31EB6A41FA4EF420024AD0B /* UIImage+ZYStretchImage.h */,
				A31EB6A51FA4EF420024AD0B /* UIImage+ZYStretchImage.m */,
			);
			path = Category;
			sourceTree = "<group>";
		};
		A3ACE18E1FA08E2300D043D0 /* Lib */ = {
			isa = PBXGroup;
			children = (
				A316DE481FAB241500772273 /* MBProgressHUD */,
			);
			path = Lib;
			sourceTree = "<group>";
		};
		A3E8F3731FA969C100C1AC2F /* Tool(业务逻辑) */ = {
			isa = PBXGroup;
			children = (
				A3E8F3741FA969C100C1AC2F /* RootVC */,
				A3E8F3751FA969C100C1AC2F /* SaveTool */,
			);
			path = "Tool(业务逻辑)";
			sourceTree = "<group>";
		};
		A3E8F3741FA969C100C1AC2F /* RootVC */ = {
			isa = PBXGroup;
			children = (
				A3E8F3791FA96B8700C1AC2F /* ZYRootVC.h */,
				A3E8F37A1FA96B8700C1AC2F /* ZYRootVC.m */,
			);
			path = RootVC;
			sourceTree = "<group>";
		};
		A3E8F3751FA969C100C1AC2F /* SaveTool */ = {
			isa = PBXGroup;
			children = (
				A3E8F3761FA96A0E00C1AC2F /* ZYSaveTool.h */,
				A3E8F3771FA96A0E00C1AC2F /* ZYSaveTool.m */,
			);
			path = SaveTool;
			sourceTree = "<group>";
		};
		A3E8F37C1FA9728000C1AC2F /* Setting(设置) */ = {
			isa = PBXGroup;
			children = (
				A3E8F37D1FA9728000C1AC2F /* Controller */,
				A3E8F37E1FA9728000C1AC2F /* Model */,
				A3E8F37F1FA9728000C1AC2F /* View */,
			);
			path = "Setting(设置)";
			sourceTree = "<group>";
		};
		A3E8F37D1FA9728000C1AC2F /* Controller */ = {
			isa = PBXGroup;
			children = (
				A3E8F3801FA972BF00C1AC2F /* ZYSettingTableViewController.h */,
				A3E8F3811FA972BF00C1AC2F /* ZYSettingTableViewController.m */,
				A3BEFD401FAAFAEA00AA5621 /* ZYPushTableViewController.h */,
				A3BEFD411FAAFAEA00AA5621 /* ZYPushTableViewController.m */,
				A3B71BAE1FAB6E1300E4B7AF /* ZYScoreTableViewController.h */,
				A3B71BAF1FAB6E1300E4B7AF /* ZYScoreTableViewController.m */,
				A3B71BB41FAB7A9F00E4B7AF /* ZYAwardTableViewController.h */,
				A3B71BB51FAB7A9F00E4B7AF /* ZYAwardTableViewController.m */,
				A3B71BB11FAB6E7800E4B7AF /* ZYBaseTableViewController.h */,
				A3B71BB21FAB6E7800E4B7AF /* ZYBaseTableViewController.m */,
			);
			path = Controller;
			sourceTree = "<group>";
		};
		A3E8F37E1FA9728000C1AC2F /* Model */ = {
			isa = PBXGroup;
			children = (
				A378C45F1FA9BB6500C6C106 /* ZYSettingItem.h */,
				A378C4601FA9BB6500C6C106 /* ZYSettingItem.m */,
				A378C4651FAACF5000C6C106 /* ZYSettingArrowItem.h */,
				A378C4661FAACF5000C6C106 /* ZYSettingArrowItem.m */,
				A378C4681FAACF7A00C6C106 /* ZYSettingSwitchItem.h */,
				A378C4691FAACF7A00C6C106 /* ZYSettingSwitchItem.m */,
				A378C4621FA9C40A00C6C106 /* ZYSettingGroup.h */,
				A378C4631FA9C40A00C6C106 /* ZYSettingGroup.m */,
			);
			path = Model;
			sourceTree = "<group>";
		};
		A3E8F37F1FA9728000C1AC2F /* View */ = {
			isa = PBXGroup;
			children = (
				A3BEFD3D1FAAECAE00AA5621 /* ZYSettingTableViewCell.h */,
				A3BEFD3E1FAAECAE00AA5621 /* ZYSettingTableViewCell.m */,
			);
			path = View;
			sourceTree = "<group>";
		};
/* End PBXGroup section */

/* Begin PBXNativeTarget section */
		A39D3FDF1FA08982003D5BB3 /* ZYLottery */ = {
			isa = PBXNativeTarget;
			buildConfigurationList = A39D3FFA1FA08983003D5BB3 /* Build configuration list for PBXNativeTarget "ZYLottery" */;
			buildPhases = (
				A39D3FDC1FA08982003D5BB3 /* Sources */,
				A39D3FDD1FA08982003D5BB3 /* Frameworks */,
				A39D3FDE1FA08982003D5BB3 /* Resources */,
			);
			buildRules = (
			);
			dependencies = (
			);
			name = ZYLottery;
			productName = ZYLottery;
			productReference = A39D3FE01FA08983003D5BB3 /* ZYLottery.app */;
			productType = "com.apple.product-type.application";
		};
/* End PBXNativeTarget section */

/* Begin PBXProject section */
		A39D3FD81FA08982003D5BB3 /* Project object */ = {
			isa = PBXProject;
			attributes = {
				CLASSPREFIX = ZY;
				LastUpgradeCheck = 0900;
				ORGANIZATIONNAME = sunny;
				TargetAttributes = {
					A39D3FDF1FA08982003D5BB3 = {
						CreatedOnToolsVersion = 8.3.3;
						DevelopmentTeam = 995KGZDDWF;
						ProvisioningStyle = Automatic;
					};
				};
			};
			buildConfigurationList = A39D3FDB1FA08982003D5BB3 /* Build configuration list for PBXProject "ZYLottery" */;
			compatibilityVersion = "Xcode 3.2";
			developmentRegion = English;
			hasScannedForEncodings = 0;
			knownRegions = (
				en,
				Base,
			);
			mainGroup = A39D3FD71FA08982003D5BB3;
			productRefGroup = A39D3FE11FA08983003D5BB3 /* Products */;
			projectDirPath = "";
			projectRoot = "";
			targets = (
				A39D3FDF1FA08982003D5BB3 /* ZYLottery */,
			);
		};
/* End PBXProject section */

/* Begin PBXResourcesBuildPhase section */
		A39D3FDE1FA08982003D5BB3 /* Resources */ = {
			isa = PBXResourcesBuildPhase;
			buildActionMask = 2147483647;
			files = (
				A31EB6A81FA5B0360024AD0B /* ZYDiscoverTableTableViewController.storyboard in Resources */,
				A39D3FF61FA08983003D5BB3 /* LaunchScreen.storyboard in Resources */,
				A34877401FA45C6500EC46F7 /* ZYMyLotteryViewController.xib in Resources */,
				A378BBC71FA3182800AE7FCD /* ZYPopMenu.xib in Resources */,
				A39D3FF31FA08983003D5BB3 /* Assets.xcassets in Resources */,
				A316DE4F1FAB241500772273 /* MBProgressHUD.bundle in Resources */,
			);
			runOnlyForDeploymentPostprocessing = 0;
		};
/* End PBXResourcesBuildPhase section */

/* Begin PBXSourcesBuildPhase section */
		A39D3FDC1FA08982003D5BB3 /* Sources */ = {
			isa = PBXSourcesBuildPhase;
			buildActionMask = 2147483647;
			files = (
				A3ACE1A51FA098EB00D043D0 /* AppDelegate.h in Sources */,
				A3A061A71FA1DB3700923CB5 /* ZYNavigationViewController.m in Sources */,
				A389295F1FA35B27006C1BF0 /* ZYTest.c in Sources */,
				A378C4641FA9C40A00C6C106 /* ZYSettingGroup.m in Sources */,
				A378C4671FAACF5000C6C106 /* ZYSettingArrowItem.m in Sources */,
				A3B71BB01FAB6E1300E4B7AF /* ZYScoreTableViewController.m in Sources */,
				A34C7B2F1FA71D2D00095854 /* ZYCollectionViewCell.m in Sources */,
				A316DE4E1FAB241500772273 /* MBProgressHUD+XMG.m in Sources */,
				A3ACE1A61FA098EB00D043D0 /* AppDelegate.m in Sources */,
				A3BEFD3F1FAAECAE00AA5621 /* ZYSettingTableViewCell.m in Sources */,
				A3ACE1A71FA098EB00D043D0 /* main.m in Sources */,
				A31EB6AB1FA5BE8B0024AD0B /* ZYBuyViewController.m in Sources */,
				A3E8F3781FA96A0E00C1AC2F /* ZYSaveTool.m in Sources */,
				A3BEFD421FAAFAEA00AA5621 /* ZYPushTableViewController.m in Sources */,
				A3BEADB61FAC676600BE7956 /* ZYLuckyView.m in Sources */,
				A3ACE19E1FA0951E00D043D0 /* ZYDiscoverTableTableViewController.m in Sources */,
				A3ACE1A41FA0956400D043D0 /* ZYMyLotteryViewController.m in Sources */,
				A3B71BB31FAB6E7800E4B7AF /* ZYBaseTableViewController.m in Sources */,
				A3A061AA1FA1F86900923CB5 /* UIImage+ZYNotRender.m in Sources */,
				A3ACE1A11FA0954D00D043D0 /* ZYHistoryTableViewController.m in Sources */,
				A378C46A1FAACF7A00C6C106 /* ZYSettingSwitchItem.m in Sources */,
				A3A8C8C21FA1912A0047C4A2 /* ZYTabBarButton.m in Sources */,
				A31EB6A61FA4EF420024AD0B /* UIImage+ZYStretchImage.m in Sources */,
				A378C4611FA9BB6500C6C106 /* ZYSettingItem.m in Sources */,
				A39D3FF11FA08983003D5BB3 /* ZYLottery.xcdatamodeld in Sources */,
				A3E8F3821FA972BF00C1AC2F /* ZYSettingTableViewController.m in Sources */,
				A3ACE1981FA094AC00D043D0 /* ZYHallTableViewController.m in Sources */,
				A31EB6AE1FA5C0390024AD0B /* ZYTitleViewButton.m in Sources */,
				A31EB6A31FA4EBD30024AD0B /* ZYArenaNavViewController.m in Sources */,
				A3ACE1AA1FA1892E00D043D0 /* ZYTabBar.m in Sources */,
				A3BEADB01FAC61A900BE7956 /* ZYLuckyViewController.m in Sources */,
				A316DE501FAB241500772273 /* MBProgressHUD.m in Sources */,
				A3A061AD1FA2021400923CB5 /* ZYCover.m in Sources */,
				A34C7B2C1FA70CD200095854 /* ZYGuidePageCollectionViewController.m in Sources */,
				A378BBC51FA3182000AE7FCD /* ZYPopMenu.m in Sources */,
				A3ACE1951FA0918000D043D0 /* ZYTabBarVC.m in Sources */,
				A3B71BB61FAB7A9F00E4B7AF /* ZYAwardTableViewController.m in Sources */,
				A3E8F37B1FA96B8700C1AC2F /* ZYRootVC.m in Sources */,
				A3ACE19B1FA094DE00D043D0 /* ZYArenaViewController.m in Sources */,
				A389295B1FA354BB006C1BF0 /* UIView+ZYFrame.m in Sources */,
			);
			runOnlyForDeploymentPostprocessing = 0;
		};
/* End PBXSourcesBuildPhase section */

/* Begin PBXVariantGroup section */
		A39D3FF41FA08983003D5BB3 /* LaunchScreen.storyboard */ = {
			isa = PBXVariantGroup;
			children = (
				A39D3FF51FA08983003D5BB3 /* Base */,
			);
			name = LaunchScreen.storyboard;
			sourceTree = "<group>";
		};
/* End PBXVariantGroup section */

/* Begin XCBuildConfiguration section */
		A39D3FF81FA08983003D5BB3 /* Debug */ = {
			isa = XCBuildConfiguration;
			buildSettings = {
				ALWAYS_SEARCH_USER_PATHS = NO;
				CLANG_ANALYZER_NONNULL = YES;
				CLANG_ANALYZER_NUMBER_OBJECT_CONVERSION = YES_AGGRESSIVE;
				CLANG_CXX_LANGUAGE_STANDARD = "gnu++0x";
				CLANG_CXX_LIBRARY = "libc++";
				CLANG_ENABLE_MODULES = YES;
				CLANG_ENABLE_OBJC_ARC = YES;
				CLANG_WARN_BLOCK_CAPTURE_AUTORELEASING = YES;
				CLANG_WARN_BOOL_CONVERSION = YES;
				CLANG_WARN_COMMA = YES;
				CLANG_WARN_CONSTANT_CONVERSION = YES;
				CLANG_WARN_DIRECT_OBJC_ISA_USAGE = YES_ERROR;
				CLANG_WARN_DOCUMENTATION_COMMENTS = YES;
				CLANG_WARN_EMPTY_BODY = YES;
				CLANG_WARN_ENUM_CONVERSION = YES;
				CLANG_WARN_INFINITE_RECURSION = YES;
				CLANG_WARN_INT_CONVERSION = YES;
				CLANG_WARN_NON_LITERAL_NULL_CONVERSION = YES;
				CLANG_WARN_OBJC_LITERAL_CONVERSION = YES;
				CLANG_WARN_OBJC_ROOT_CLASS = YES_ERROR;
				CLANG_WARN_RANGE_LOOP_ANALYSIS = YES;
				CLANG_WARN_STRICT_PROTOTYPES = YES;
				CLANG_WARN_SUSPICIOUS_MOVE = YES;
				CLANG_WARN_UNREACHABLE_CODE = YES;
				CLANG_WARN__DUPLICATE_METHOD_MATCH = YES;
				"CODE_SIGN_IDENTITY[sdk=iphoneos*]" = "iPhone Developer";
				COPY_PHASE_STRIP = NO;
				DEBUG_INFORMATION_FORMAT = dwarf;
				ENABLE_STRICT_OBJC_MSGSEND = YES;
				ENABLE_TESTABILITY = YES;
				GCC_C_LANGUAGE_STANDARD = gnu99;
				GCC_DYNAMIC_NO_PIC = NO;
				GCC_NO_COMMON_BLOCKS = YES;
				GCC_OPTIMIZATION_LEVEL = 0;
				GCC_PREPROCESSOR_DEFINITIONS = (
					"DEBUG=1",
					"$(inherited)",
				);
				GCC_WARN_64_TO_32_BIT_CONVERSION = YES;
				GCC_WARN_ABOUT_RETURN_TYPE = YES_ERROR;
				GCC_WARN_UNDECLARED_SELECTOR = YES;
				GCC_WARN_UNINITIALIZED_AUTOS = YES_AGGRESSIVE;
				GCC_WARN_UNUSED_FUNCTION = YES;
				GCC_WARN_UNUSED_VARIABLE = YES;
				IPHONEOS_DEPLOYMENT_TARGET = 10.3;
				MTL_ENABLE_DEBUG_INFO = YES;
				ONLY_ACTIVE_ARCH = YES;
				SDKROOT = iphoneos;
			};
			name = Debug;
		};
		A39D3FF91FA08983003D5BB3 /* Release */ = {
			isa = XCBuildConfiguration;
			buildSettings = {
				ALWAYS_SEARCH_USER_PATHS = NO;
				CLANG_ANALYZER_NONNULL = YES;
				CLANG_ANALYZER_NUMBER_OBJECT_CONVERSION = YES_AGGRESSIVE;
				CLANG_CXX_LANGUAGE_STANDARD = "gnu++0x";
				CLANG_CXX_LIBRARY = "libc++";
				CLANG_ENABLE_MODULES = YES;
				CLANG_ENABLE_OBJC_ARC = YES;
				CLANG_WARN_BLOCK_CAPTURE_AUTORELEASING = YES;
				CLANG_WARN_BOOL_CONVERSION = YES;
				CLANG_WARN_COMMA = YES;
				CLANG_WARN_CONSTANT_CONVERSION = YES;
				CLANG_WARN_DIRECT_OBJC_ISA_USAGE = YES_ERROR;
				CLANG_WARN_DOCUMENTATION_COMMENTS = YES;
				CLANG_WARN_EMPTY_BODY = YES;
				CLANG_WARN_ENUM_CONVERSION = YES;
				CLANG_WARN_INFINITE_RECURSION = YES;
				CLANG_WARN_INT_CONVERSION = YES;
				CLANG_WARN_NON_LITERAL_NULL_CONVERSION = YES;
				CLANG_WARN_OBJC_LITERAL_CONVERSION = YES;
				CLANG_WARN_OBJC_ROOT_CLASS = YES_ERROR;
				CLANG_WARN_RANGE_LOOP_ANALYSIS = YES;
				CLANG_WARN_STRICT_PROTOTYPES = YES;
				CLANG_WARN_SUSPICIOUS_MOVE = YES;
				CLANG_WARN_UNREACHABLE_CODE = YES;
				CLANG_WARN__DUPLICATE_METHOD_MATCH = YES;
				"CODE_SIGN_IDENTITY[sdk=iphoneos*]" = "iPhone Developer";
				COPY_PHASE_STRIP = NO;
				DEBUG_INFORMATION_FORMAT = "dwarf-with-dsym";
				ENABLE_NS_ASSERTIONS = NO;
				ENABLE_STRICT_OBJC_MSGSEND = YES;
				GCC_C_LANGUAGE_STANDARD = gnu99;
				GCC_NO_COMMON_BLOCKS = YES;
				GCC_WARN_64_TO_32_BIT_CONVERSION = YES;
				GCC_WARN_ABOUT_RETURN_TYPE = YES_ERROR;
				GCC_WARN_UNDECLARED_SELECTOR = YES;
				GCC_WARN_UNINITIALIZED_AUTOS = YES_AGGRESSIVE;
				GCC_WARN_UNUSED_FUNCTION = YES;
				GCC_WARN_UNUSED_VARIABLE = YES;
				IPHONEOS_DEPLOYMENT_TARGET = 10.3;
				MTL_ENABLE_DEBUG_INFO = NO;
				SDKROOT = iphoneos;
				VALIDATE_PRODUCT = YES;
			};
			name = Release;
		};
		A39D3FFB1FA08983003D5BB3 /* Debug */ = {
			isa = XCBuildConfiguration;
			buildSettings = {
				ASSETCATALOG_COMPILER_APPICON_NAME = AppIcon;
				ASSETCATALOG_COMPILER_LAUNCHIMAGE_NAME = LaunchImage;
				DEVELOPMENT_TEAM = 995KGZDDWF;
				GCC_PRECOMPILE_PREFIX_HEADER = YES;
				GCC_PREFIX_HEADER = ZYLottery/Classes/Other/Lib/ZYLottery.pch;
				INFOPLIST_FILE = ZYLottery/Info.plist;
				IPHONEOS_DEPLOYMENT_TARGET = 10.3;
				LD_RUNPATH_SEARCH_PATHS = "$(inherited) @executable_path/Frameworks";
				PRODUCT_BUNDLE_IDENTIFIER = com.sunny.ZYLottery;
				PRODUCT_NAME = "$(TARGET_NAME)";
			};
			name = Debug;
		};
		A39D3FFC1FA08983003D5BB3 /* Release */ = {
			isa = XCBuildConfiguration;
			buildSettings = {
				ASSETCATALOG_COMPILER_APPICON_NAME = AppIcon;
				ASSETCATALOG_COMPILER_LAUNCHIMAGE_NAME = LaunchImage;
				DEVELOPMENT_TEAM = 995KGZDDWF;
				GCC_PRECOMPILE_PREFIX_HEADER = YES;
				GCC_PREFIX_HEADER = ZYLottery/Classes/Other/Lib/ZYLottery.pch;
				INFOPLIST_FILE = ZYLottery/Info.plist;
				IPHONEOS_DEPLOYMENT_TARGET = 10.3;
				LD_RUNPATH_SEARCH_PATHS = "$(inherited) @executable_path/Frameworks";
				PRODUCT_BUNDLE_IDENTIFIER = com.sunny.ZYLottery;
				PRODUCT_NAME = "$(TARGET_NAME)";
			};
			name = Release;
		};
/* End XCBuildConfiguration section */

/* Begin XCConfigurationList section */
		A39D3FDB1FA08982003D5BB3 /* Build configuration list for PBXProject "ZYLottery" */ = {
			isa = XCConfigurationList;
			buildConfigurations = (
				A39D3FF81FA08983003D5BB3 /* Debug */,
				A39D3FF91FA08983003D5BB3 /* Release */,
			);
			defaultConfigurationIsVisible = 0;
			defaultConfigurationName = Release;
		};
		A39D3FFA1FA08983003D5BB3 /* Build configuration list for PBXNativeTarget "ZYLottery" */ = {
			isa = XCConfigurationList;
			buildConfigurations = (
				A39D3FFB1FA08983003D5BB3 /* Debug */,
				A39D3FFC1FA08983003D5BB3 /* Release */,
			);
			defaultConfigurationIsVisible = 0;
			defaultConfigurationName = Release;
		};
/* End XCConfigurationList section */

/* Begin XCVersionGroup section */
		A39D3FEF1FA08983003D5BB3 /* ZYLottery.xcdatamodeld */ = {
			isa = XCVersionGroup;
			children = (
				A39D3FF01FA08983003D5BB3 /* ZYLottery.xcdatamodel */,
			);
			currentVersion = A39D3FF01FA08983003D5BB3 /* ZYLottery.xcdatamodel */;
			path = ZYLottery.xcdatamodeld;
			sourceTree = "<group>";
			versionGroupType = wrapper.xcdatamodel;
		};
/* End XCVersionGroup section */
	};
	rootObject = A39D3FD81FA08982003D5BB3 /* Project object */;
}
